
Microsoft Visual Studio Solution File, Format Version 12.00
# Visual Studio Version 17
VisualStudioVersion = 17.9.34701.34
MinimumVisualStudioVersion = 10.0.40219.1
Project("{FAE04EC0-301F-11D3-BF4B-00C04F79EFBC}") = "Evaluacion3PDV", "Evaluacion3PDV\Evaluacion3PDV.csproj", "{6C6CC67D-C8E6-4571-BA6A-C8B881EFA5EE}"
EndProject
Global
	GlobalSection(SolutionConfigurationPlatforms) = preSolution
		Debug|Any CPU = Debug|Any CPU
		Release|Any CPU = Release|Any CPU
	EndGlobalSection
	GlobalSection(ProjectConfigurationPlatforms) = postSolution
		{6C6CC67D-C8E6-4571-BA6A-C8B881EFA5EE}.Debug|Any CPU.ActiveCfg = Debug|Any CPU
		{6C6CC67D-C8E6-4571-BA6A-C8B881EFA5EE}.Debug|Any CPU.Build.0 = Debug|Any CPU
		{6C6CC67D-C8E6-4571-BA6A-C8B881EFA5EE}.Debug|Any CPU.Deploy.0 = Debug|Any CPU
		{6C6CC67D-C8E6-4571-BA6A-C8B881EFA5EE}.Release|Any CPU.ActiveCfg = Release|Any CPU
		{6C6CC67D-C8E6-4571-BA6A-C8B881EFA5EE}.Release|Any CPU.Build.0 = Release|Any CPU
		{6C6CC67D-C8E6-4571-BA6A-C8B881EFA5EE}.Release|Any CPU.Deploy.0 = Release|Any CPU
	EndGlobalSection
	GlobalSection(SolutionProperties) = preSolution
		HideSolutionNode = FALSE
	EndGlobalSection
	GlobalSection(ExtensibilityGlobals) = postSolution
		SolutionGuid = {14BD6414-CDF2-4161-AACC-95A92A3C456E}
	EndGlobalSection
EndGlobal
